
Microsoft Visual Studio Solution File, Format Version 12.00
# Visual Studio 14
VisualStudioVersion = 14.0.25420.1
MinimumVisualStudioVersion = 10.0.40219.1
Project("{FAE04EC0-301F-11D3-BF4B-00C04F79EFBC}") = "DependancyWithWidgets.Data.Domain", "DependancyWithWidgets.Data.Domain\DependancyWithWidgets.Data.Domain.csproj", "{8D88AA7C-1F56-45DE-8854-AC0385AC6727}"
EndProject
Project("{FAE04EC0-301F-11D3-BF4B-00C04F79EFBC}") = "DependancyWithWidgets.Data.Test", "DependancyWithWidgets.Data.Test\DependancyWithWidgets.Data.Test.csproj", "{AE5DAE05-71AA-4B0C-915C-3508924834F0}"
EndProject
Project("{FAE04EC0-301F-11D3-BF4B-00C04F79EFBC}") = "DependancyWithWidgets.Data.Soap", "DependancyWithWidgets.Data.Soap\DependancyWithWidgets.Data.Soap.csproj", "{06326916-C481-46C4-ACB3-627A9C5A16F0}"
EndProject
Global
	GlobalSection(SolutionConfigurationPlatforms) = preSolution
		Debug|Any CPU = Debug|Any CPU
		Release|Any CPU = Release|Any CPU
	EndGlobalSection
	GlobalSection(ProjectConfigurationPlatforms) = postSolution
		{8D88AA7C-1F56-45DE-8854-AC0385AC6727}.Debug|Any CPU.ActiveCfg = Debug|Any CPU
		{8D88AA7C-1F56-45DE-8854-AC0385AC6727}.Debug|Any CPU.Build.0 = Debug|Any CPU
		{8D88AA7C-1F56-45DE-8854-AC0385AC6727}.Release|Any CPU.ActiveCfg = Release|Any CPU
		{8D88AA7C-1F56-45DE-8854-AC0385AC6727}.Release|Any CPU.Build.0 = Release|Any CPU
		{AE5DAE05-71AA-4B0C-915C-3508924834F0}.Debug|Any CPU.ActiveCfg = Debug|Any CPU
		{AE5DAE05-71AA-4B0C-915C-3508924834F0}.Debug|Any CPU.Build.0 = Debug|Any CPU
		{AE5DAE05-71AA-4B0C-915C-3508924834F0}.Release|Any CPU.ActiveCfg = Release|Any CPU
		{AE5DAE05-71AA-4B0C-915C-3508924834F0}.Release|Any CPU.Build.0 = Release|Any CPU
		{06326916-C481-46C4-ACB3-627A9C5A16F0}.Debug|Any CPU.ActiveCfg = Debug|Any CPU
		{06326916-C481-46C4-ACB3-627A9C5A16F0}.Debug|Any CPU.Build.0 = Debug|Any CPU
		{06326916-C481-46C4-ACB3-627A9C5A16F0}.Release|Any CPU.ActiveCfg = Release|Any CPU
		{06326916-C481-46C4-ACB3-627A9C5A16F0}.Release|Any CPU.Build.0 = Release|Any CPU
	EndGlobalSection
	GlobalSection(SolutionProperties) = preSolution
		HideSolutionNode = FALSE
	EndGlobalSection
EndGlobal
